github.com/chzyer/logex v1.1.10 h1:Swpa1K6QvQznwJRcfTfQJmTE72DqScAa40E+fbHEXEE=
github.com/chzyer/logex v1.1.10/go.mod h1:+Ywpsq7O8HXn0nuIou7OrIPyXbp3wmkHB+jjWRnGsAI=
github.com/chzyer/readline v0.0.0-20180603132655-2972be24d48e h1:fY5BOSpyZCqRo5OhCuC+XN+r/bBCmeuuJtjz+bCNIf8=
github.com/chzyer/readline v0.0.0-20180603132655-2972be24d48e/go.mod h1:nSuG5e5PlCu98SY8svDHJxuZscDgtXS6KTTbou5AhLI=
github.com/chzyer/test v0.0.0-20180213035817-a1ea475d72b1 h1:q763qf9huN11kDQavWsoZXJNW3xEE4JJyHa5Q25/sd8=
github.com/chzyer/test v0.0.0-20180213035817-a1ea475d72b1/go.mod h1:Q3SI9o4m/ZMnBNeIyt5eFwwo7qiLfzFZmjNmxjkiQlU=
github.com/cpucycle/astrotime v0.0.0-20120927164819-9c7d514efdb5 h1:Z6YGTs9TwkwIVCltpgUNFa+L5SAyGfIL9gH0RB7yDgw=
github.com/cpucycle/astrotime v0.0.0-20120927164819-9c7d514efdb5/go.mod h1:O+WdStE4WLD+lG5MaDRl9dSJR7w4HZJrJbqVsOEx5Lw=
github.com/davecheney/gpio v0.0.0-20160912024957-a6de66e7e470 h1:pw35WQPA7J4mJlRHfDlNdD5o3ykHpWGuwyLnT6kv1fU=
github.com/davecheney/gpio v0.0.0-20160912024957-a6de66e7e470/go.mod h1:43PwoPhLiAtAufKfF2PL7uav7KfyIXgGKqlcXPpvMAo=
github.com/eclipse/paho.mqtt.golang v1.1.1 h1:iPJYXJLaViCshRTW/PSqImSS6HJ2Rf671WR0bXZ2GIU=
github.com/eclipse/paho.mqtt.golang v1.1.1/go.mod h1:H9keYFcgq3Qr5OUJm/JZI/i6U7joQ8SYLhZwfeOo6Ts=
github.com/google/go-cmp v0.0.0-20180328201512-5411ab924f9f h1:e7go61E2Xh2l5KtL3Lh6Tjy0/T+eem0bQsDwETI7SMo=
github.com/google/go-cmp v0.0.0-20180328201512-5411ab924f9f/go.mod h1:oXzfMopK8JAjlY9xF4vHSVASa0yLyX7SntLO5aqRK0M=
github.com/gorhill/cronexpr v0.0.0-20180427100037-88b0669f7d75 h1:f0n1xnMSmBLzVfsMMvriDyA75NB/oBgILX2GcHXIQzY=
github.com/gorhill/cronexpr v0.0.0-20180427100037-88b0669f7d75/go.mod h1:g2644b03hfBX9Ov0ZBDgXXens4rxSxmqFBbhvKv2yVA=
github.com/nathanielc/smarthome v0.0.2 h1:Z762gI277lZNpTKo9Lj5M8Ht8h83oB5zV1OvVEZb0iI=
github.com/nathanielc/smarthome v0.0.2/go.mod h1:4NH8Geea7g6B41lTW3FzLvQRPMbu0VOc9SDkR11aPhk=
github.com/pkg/errors v0.8.0 h1:WdK/asTD0HN+q6hsWO3/vpuAkAr+tw6aNJNDFFf0+qw=
github.com/pkg/errors v0.8.0/go.mod h1:bwawxfHBFNV+L2hUp1rHADufV3IMtnDRdf1r5NINEl0=
golang.org/x/net v0.0.0-20180826012351-8a410e7b638d h1:g9qWBGx4puODJTMVyoPrpoxPFgVGd+z1DZwjfRu4d0I=
golang.org/x/net v0.0.0-20180826012351-8a410e7b638d/go.mod h1:mL1N/T3taQHkDXs73rZJwtUhF3w3ftmwwsq0BUmARs4=
golang.org/x/sys v0.0.0-20181211161752-7da8ea5c8182 h1:3jwI9dC+BuoXWS+QtR/HhfGTGTuB6ZzL6II6S1IuVvo=
golang.org/x/sys v0.0.0-20181211161752-7da8ea5c8182/go.mod h1:STP8DvDyc/dI5b8T5hshtkjS+E42TnysNCUPdjciGhY=
