# This file is autogenerated, do not edit; changes may be undone by the next 'dep ensure'.


[[projects]]
  name = "github.com/chzyer/readline"
  packages = ["."]
  revision = "62c6fe6193755f722b8b8788aa7357be55a50ff1"
  version = "v1.4"

[[projects]]
  branch = "master"
  name = "github.com/cpucycle/astrotime"
  packages = ["."]
  revision = "9c7d514efdb561775030eaf8f1a9ae6bddb3a2ca"

[[projects]]
  branch = "master"
  name = "github.com/davecheney/gpio"
  packages = ["."]
  revision = "a6de66e7e47065fca1a55c62c3f3cab3144694e6"

[[projects]]
  name = "github.com/eclipse/paho.mqtt.golang"
  packages = [".","packets"]
  revision = "aff15770515e3c57fc6109da73d42b0d46f7f483"
  version = "v1.1.0"

[[projects]]
  branch = "master"
  name = "github.com/google/go-cmp"
  packages = ["cmp","cmp/internal/diff","cmp/internal/function","cmp/internal/value"]
  revision = "d5735f74713c51f7450a43d0a98d41ce2c1db3cb"

[[projects]]
  name = "github.com/gorhill/cronexpr"
  packages = ["."]
  revision = "a557574d6c024ed6e36acc8b610f5f211c91568a"
  version = "1.0.0"

[[projects]]
  branch = "master"
  name = "github.com/nathanielc/smarthome"
  packages = ["."]
  revision = "29dd06f51225e6a5297827eb90051db1afea6375"

[[projects]]
  name = "github.com/pkg/errors"
  packages = ["."]
  revision = "645ef00459ed84a119197bfb8d8205042c6df63d"
  version = "v0.8.0"

[[projects]]
  branch = "master"
  name = "golang.org/x/net"
  packages = ["proxy","websocket"]
  revision = "0744d001aa8470aaa53df28d32e5ceeb8af9bd70"

[solve-meta]
  analyzer-name = "dep"
  analyzer-version = 1
  inputs-digest = "321b8a8ee88bdd3a7b035e7a90b87a0bebe000f0eb20aca5268c55e926ccc2ad"
  solver-name = "gps-cdcl"
  solver-version = 1
