# This file is autogenerated, do not edit; changes may be undone by the next 'dep ensure'.


[[projects]]
  name = "github.com/chzyer/readline"
  packages = ["."]
  revision = "62c6fe6193755f722b8b8788aa7357be55a50ff1"
  version = "v1.4"

[[projects]]
  branch = "master"
  name = "github.com/cpucycle/astrotime"
  packages = ["."]
  revision = "9c7d514efdb561775030eaf8f1a9ae6bddb3a2ca"

[[projects]]
  branch = "master"
  name = "github.com/davecheney/gpio"
  packages = ["."]
  revision = "a6de66e7e47065fca1a55c62c3f3cab3144694e6"

[[projects]]
  name = "github.com/eclipse/paho.mqtt.golang"
  packages = [
    ".",
    "packets"
  ]
  revision = "36d01c2b4cbeb3d2a12063e4880ce30800af9560"
  version = "v1.1.1"

[[projects]]
  branch = "master"
  name = "github.com/google/go-cmp"
  packages = [
    "cmp",
    "cmp/internal/diff",
    "cmp/internal/function",
    "cmp/internal/value"
  ]
  revision = "5411ab924f9ffa6566244a9e504bc347edacffd3"

[[projects]]
  name = "github.com/gorhill/cronexpr"
  packages = ["."]
  revision = "a557574d6c024ed6e36acc8b610f5f211c91568a"
  version = "1.0.0"

[[projects]]
  branch = "master"
  name = "github.com/nathanielc/smarthome"
  packages = ["."]
  revision = "ab451ca02227225eadc5445cfb458317bc8616de"

[[projects]]
  name = "github.com/pkg/errors"
  packages = ["."]
  revision = "645ef00459ed84a119197bfb8d8205042c6df63d"
  version = "v0.8.0"

[[projects]]
  branch = "master"
  name = "golang.org/x/net"
  packages = [
    "internal/socks",
    "proxy",
    "websocket"
  ]
  revision = "1e491301e022f8f977054da4c2d852decd59571f"

[solve-meta]
  analyzer-name = "dep"
  analyzer-version = 1
  inputs-digest = "8e3bda46279ce91addbfc2f4dfa60515b3265a68e18d39293289df6bb698ad6c"
  solver-name = "gps-cdcl"
  solver-version = 1
